// !$*UTF8*$!
{
	archiveVersion = 1;
	classes = {
	};
	objectVersion = 46;
	objects = {

/* Begin PBXBuildFile section */
		77FF14B11C9D2DB300619FAA /* main.m in Sources */ = {isa = PBXBuildFile; fileRef = 77FF14B01C9D2DB300619FAA /* main.m */; };
/* End PBXBuildFile section */

/* Begin PBXCopyFilesBuildPhase section */
		77FF14AB1C9D2DB300619FAA /* CopyFiles */ = {
			isa = PBXCopyFilesBuildPhase;
			buildActionMask = 2147483647;
			dstPath = /usr/share/man/man1/;
			dstSubfolderSpec = 0;
			files = (
			);
			runOnlyForDeploymentPostprocessing = 1;
		};
/* End PBXCopyFilesBuildPhase section */

/* Begin PBXFileReference section */
		77FF14AD1C9D2DB300619FAA /* CC1-3-Objc */ = {isa = PBXFileReference; explicitFileType = "compiled.mach-o.executable"; includeInIndex = 0; path = "CC1-3-Objc"; sourceTree = BUILT_PRODUCTS_DIR; };
		77FF14B01C9D2DB300619FAA /* main.m */ = {isa = PBXFileReference; lastKnownFileType = sourcecode.c.objc; path = main.m; sourceTree = "<group>"; };
/* End PBXFileReference section */

/* Begin PBXFrameworksBuildPhase section */
		77FF14AA1C9D2DB300619FAA /* Frameworks */ = {
			isa = PBXFrameworksBuildPhase;
			buildActionMask = 2147483647;
			files = (
			);
			runOnlyForDeploymentPostprocessing = 0;
		};
/* End PBXFrameworksBuildPhase section */

/* Begin PBXGroup section */
		77FF14A41C9D2DB300619FAA = {
			isa = PBXGroup;
			children = (
				77FF14AF1C9D2DB300619FAA /* CC1-3-Objc */,
				77FF14AE1C9D2DB300619FAA /* Products */,
			);
			sourceTree = "<group>";
		};
		77FF14AE1C9D2DB300619FAA /* Products */ = {
			isa = PBXGroup;
			children = (
				77FF14AD1C9D2DB300619FAA /* CC1-3-Objc */,
			);
			name = Products;
			sourceTree = "<group>";
		};
		77FF14AF1C9D2DB300619FAA /* CC1-3-Objc */ = {
			isa = PBXGroup;
			children = (
				77FF14B01C9D2DB300619FAA /* main.m */,
			);
			path = "CC1-3-Objc";
			sourceTree = "<group>";
		};
/* End PBXGroup section */

/* Begin PBXNativeTarget section */
		77FF14AC1C9D2DB300619FAA /* CC1-3-Objc */ = {
			isa = PBXNativeTarget;
			buildConfigurationList = 77FF14B41C9D2DB300619FAA /* Build configuration list for PBXNativeTarget "CC1-3-Objc" */;
			buildPhases = (
				77FF14A91C9D2DB300619FAA /* Sources */,
				77FF14AA1C9D2DB300619FAA /* Frameworks */,
				77FF14AB1C9D2DB300619FAA /* CopyFiles */,
			);
			buildRules = (
			);
			dependencies = (
			);
			name = "CC1-3-Objc";
			productName = "CC1-3-Objc";
			productReference = 77FF14AD1C9D2DB300619FAA /* CC1-3-Objc */;
			productType = "com.apple.product-type.tool";
		};
/* End PBXNativeTarget section */

/* Begin PBXProject section */
		77FF14A51C9D2DB300619FAA /* Project object */ = {
			isa = PBXProject;
			attributes = {
				LastUpgradeCheck = 0720;
				ORGANIZATIONNAME = "Jeremy Hartmann";
				TargetAttributes = {
					77FF14AC1C9D2DB300619FAA = {
						CreatedOnToolsVersion = 7.2.1;
					};
				};
			};
			buildConfigurationList = 77FF14A81C9D2DB300619FAA /* Build configuration list for PBXProject "CC1-3-Objc" */;
			compatibilityVersion = "Xcode 3.2";
			developmentRegion = English;
			hasScannedForEncodings = 0;
			knownRegions = (
				en,
			);
			mainGroup = 77FF14A41C9D2DB300619FAA;
			productRefGroup = 77FF14AE1C9D2DB300619FAA /* Products */;
			projectDirPath = "";
			projectRoot = "";
			targets = (
				77FF14AC1C9D2DB300619FAA /* CC1-3-Objc */,
			);
		};
/* End PBXProject section */

/* Begin PBXSourcesBuildPhase section */
		77FF14A91C9D2DB300619FAA /* Sources */ = {
			isa = PBXSourcesBuildPhase;
			buildActionMask = 2147483647;
			files = (
				77FF14B11C9D2DB300619FAA /* main.m in Sources */,
			);
			runOnlyForDeploymentPostprocessing = 0;
		};
/* End PBXSourcesBuildPhase section */

/* Begin XCBuildConfiguration section */
		77FF14B21C9D2DB300619FAA /* Debug */ = {
			isa = XCBuildConfiguration;
			buildSettings = {
				ALWAYS_SEARCH_USER_PATHS = NO;
				CLANG_CXX_LANGUAGE_STANDARD = "gnu++0x";
				CLANG_CXX_LIBRARY = "libc++";
				CLANG_ENABLE_MODULES = YES;
				CLANG_ENABLE_OBJC_ARC = YES;
				CLANG_WARN_BOOL_CONVERSION = YES;
				CLANG_WARN_CONSTANT_CONVERSION = YES;
				CLANG_WARN_DIRECT_OBJC_ISA_USAGE = YES_ERROR;
				CLANG_WARN_EMPTY_BODY = YES;
				CLANG_WARN_ENUM_CONVERSION = YES;
				CLANG_WARN_INT_CONVERSION = YES;
				CLANG_WARN_OBJC_ROOT_CLASS = YES_ERROR;
				CLANG_WARN_UNREACHABLE_CODE = YES;
				CLANG_WARN__DUPLICATE_METHOD_MATCH = YES;
				CODE_SIGN_IDENTITY = "-";
				COPY_PHASE_STRIP = NO;
				DEBUG_INFORMATION_FORMAT = dwarf;
				ENABLE_STRICT_OBJC_MSGSEND = YES;
				ENABLE_TESTABILITY = YES;
				GCC_C_LANGUAGE_STANDARD = gnu99;
				GCC_DYNAMIC_NO_PIC = NO;
				GCC_NO_COMMON_BLOCKS = YES;
				GCC_OPTIMIZATION_LEVEL = 0;
				GCC_PREPROCESSOR_DEFINITIONS = (
					"DEBUG=1",
					"$(inherited)",
				);
				GCC_WARN_64_TO_32_BIT_CONVERSION = YES;
				GCC_WARN_ABOUT_RETURN_TYPE = YES_ERROR;
				GCC_WARN_UNDECLARED_SELECTOR = YES;
				GCC_WARN_UNINITIALIZED_AUTOS = YES_AGGRESSIVE;
				GCC_WARN_UNUSED_FUNCTION = YES;
				GCC_WARN_UNUSED_VARIABLE = YES;
				MACOSX_DEPLOYMENT_TARGET = 10.11;
				MTL_ENABLE_DEBUG_INFO = YES;
				ONLY_ACTIVE_ARCH = YES;
				SDKROOT = macosx;
			};
			name = Debug;
		};
		77FF14B31C9D2DB300619FAA /* Release */ = {
			isa = XCBuildConfiguration;
			buildSettings = {
				ALWAYS_SEARCH_USER_PATHS = NO;
				CLANG_CXX_LANGUAGE_STANDARD = "gnu++0x";
				CLANG_CXX_LIBRARY = "libc++";
				CLANG_ENABLE_MODULES = YES;
				CLANG_ENABLE_OBJC_ARC = YES;
				CLANG_WARN_BOOL_CONVERSION = YES;
				CLANG_WARN_CONSTANT_CONVERSION = YES;
				CLANG_WARN_DIRECT_OBJC_ISA_USAGE = YES_ERROR;
				CLANG_WARN_EMPTY_BODY = YES;
				CLANG_WARN_ENUM_CONVERSION = YES;
				CLANG_WARN_INT_CONVERSION = YES;
				CLANG_WARN_OBJC_ROOT_CLASS = YES_ERROR;
				CLANG_WARN_UNREACHABLE_CODE = YES;
				CLANG_WARN__DUPLICATE_METHOD_MATCH = YES;
				CODE_SIGN_IDENTITY = "-";
				COPY_PHASE_STRIP = NO;
				DEBUG_INFORMATION_FORMAT = "dwarf-with-dsym";
				ENABLE_NS_ASSERTIONS = NO;
				ENABLE_STRICT_OBJC_MSGSEND = YES;
				GCC_C_LANGUAGE_STANDARD = gnu99;
				GCC_NO_COMMON_BLOCKS = YES;
				GCC_WARN_64_TO_32_BIT_CONVERSION = YES;
				GCC_WARN_ABOUT_RETURN_TYPE = YES_ERROR;
				GCC_WARN_UNDECLARED_SELECTOR = YES;
				GCC_WARN_UNINITIALIZED_AUTOS = YES_AGGRESSIVE;
				GCC_WARN_UNUSED_FUNCTION = YES;
				GCC_WARN_UNUSED_VARIABLE = YES;
				MACOSX_DEPLOYMENT_TARGET = 10.11;
				MTL_ENABLE_DEBUG_INFO = NO;
				SDKROOT = macosx;
			};
			name = Release;
		};
		77FF14B51C9D2DB300619FAA /* Debug */ = {
			isa = XCBuildConfiguration;
			buildSettings = {
				PRODUCT_NAME = "$(TARGET_NAME)";
			};
			name = Debug;
		};
		77FF14B61C9D2DB300619FAA /* Release */ = {
			isa = XCBuildConfiguration;
			buildSettings = {
				PRODUCT_NAME = "$(TARGET_NAME)";
			};
			name = Release;
		};
/* End XCBuildConfiguration section */

/* Begin XCConfigurationList section */
		77FF14A81C9D2DB300619FAA /* Build configuration list for PBXProject "CC1-3-Objc" */ = {
			isa = XCConfigurationList;
			buildConfigurations = (
				77FF14B21C9D2DB300619FAA /* Debug */,
				77FF14B31C9D2DB300619FAA /* Release */,
			);
			defaultConfigurationIsVisible = 0;
			defaultConfigurationName = Release;
		};
		77FF14B41C9D2DB300619FAA /* Build configuration list for PBXNativeTarget "CC1-3-Objc" */ = {
			isa = XCConfigurationList;
			buildConfigurations = (
				77FF14B51C9D2DB300619FAA /* Debug */,
				77FF14B61C9D2DB300619FAA /* Release */,
			);
			defaultConfigurationIsVisible = 0;
		};
/* End XCConfigurationList section */
	};
	rootObject = 77FF14A51C9D2DB300619FAA /* Project object */;
}
