
Microsoft Visual Studio Solution File, Format Version 12.00
# Visual Studio 15
VisualStudioVersion = 15.0.27130.2003
MinimumVisualStudioVersion = 10.0.40219.1
Project("{FAE04EC0-301F-11D3-BF4B-00C04F79EFBC}") = "MatrixLayerRotation", "MatrixLayerRotation\MatrixLayerRotation.csproj", "{6DBBE64C-0C55-4649-B990-68AB1AA85BAC}"
EndProject
Global
	GlobalSection(SolutionConfigurationPlatforms) = preSolution
		Debug|Any CPU = Debug|Any CPU
		Release|Any CPU = Release|Any CPU
	EndGlobalSection
	GlobalSection(ProjectConfigurationPlatforms) = postSolution
		{6DBBE64C-0C55-4649-B990-68AB1AA85BAC}.Debug|Any CPU.ActiveCfg = Debug|Any CPU
		{6DBBE64C-0C55-4649-B990-68AB1AA85BAC}.Debug|Any CPU.Build.0 = Debug|Any CPU
		{6DBBE64C-0C55-4649-B990-68AB1AA85BAC}.Release|Any CPU.ActiveCfg = Release|Any CPU
		{6DBBE64C-0C55-4649-B990-68AB1AA85BAC}.Release|Any CPU.Build.0 = Release|Any CPU
	EndGlobalSection
	GlobalSection(SolutionProperties) = preSolution
		HideSolutionNode = FALSE
	EndGlobalSection
	GlobalSection(ExtensibilityGlobals) = postSolution
		SolutionGuid = {A09334DD-5B48-49E1-9F75-57D84E3FAA3C}
	EndGlobalSection
EndGlobal
