
Microsoft Visual Studio Solution File, Format Version 12.00
# Visual Studio 15
VisualStudioVersion = 15.0.27130.2027
MinimumVisualStudioVersion = 10.0.40219.1
Project("{8BC9CEB8-8B4A-11D0-8D11-00A0C91BC942}") = "LC_StringToInt", "LC_StringToInt\LC_StringToInt.vcxproj", "{8C303CB3-6A5E-42FF-A322-9505FF392237}"
EndProject
Global
	GlobalSection(SolutionConfigurationPlatforms) = preSolution
		Debug|x64 = Debug|x64
		Debug|x86 = Debug|x86
		Release|x64 = Release|x64
		Release|x86 = Release|x86
	EndGlobalSection
	GlobalSection(ProjectConfigurationPlatforms) = postSolution
		{8C303CB3-6A5E-42FF-A322-9505FF392237}.Debug|x64.ActiveCfg = Debug|x64
		{8C303CB3-6A5E-42FF-A322-9505FF392237}.Debug|x64.Build.0 = Debug|x64
		{8C303CB3-6A5E-42FF-A322-9505FF392237}.Debug|x86.ActiveCfg = Debug|Win32
		{8C303CB3-6A5E-42FF-A322-9505FF392237}.Debug|x86.Build.0 = Debug|Win32
		{8C303CB3-6A5E-42FF-A322-9505FF392237}.Release|x64.ActiveCfg = Release|x64
		{8C303CB3-6A5E-42FF-A322-9505FF392237}.Release|x64.Build.0 = Release|x64
		{8C303CB3-6A5E-42FF-A322-9505FF392237}.Release|x86.ActiveCfg = Release|Win32
		{8C303CB3-6A5E-42FF-A322-9505FF392237}.Release|x86.Build.0 = Release|Win32
	EndGlobalSection
	GlobalSection(SolutionProperties) = preSolution
		HideSolutionNode = FALSE
	EndGlobalSection
	GlobalSection(ExtensibilityGlobals) = postSolution
		SolutionGuid = {D43FE826-DA2D-40C5-A054-A6D3EAE8EA3C}
	EndGlobalSection
EndGlobal
