
Microsoft Visual Studio Solution File, Format Version 12.00
# Visual Studio 2012
Project("{FAE04EC0-301F-11D3-BF4B-00C04F79EFBC}") = "HR-LonelyIntegers", "HR-LonelyIntegers\HR-LonelyIntegers.csproj", "{AC33EFF4-3279-4389-8352-E3AAAFD24CED}"
EndProject
Global
	GlobalSection(SolutionConfigurationPlatforms) = preSolution
		Debug|Any CPU = Debug|Any CPU
		Release|Any CPU = Release|Any CPU
	EndGlobalSection
	GlobalSection(ProjectConfigurationPlatforms) = postSolution
		{AC33EFF4-3279-4389-8352-E3AAAFD24CED}.Debug|Any CPU.ActiveCfg = Debug|Any CPU
		{AC33EFF4-3279-4389-8352-E3AAAFD24CED}.Debug|Any CPU.Build.0 = Debug|Any CPU
		{AC33EFF4-3279-4389-8352-E3AAAFD24CED}.Release|Any CPU.ActiveCfg = Release|Any CPU
		{AC33EFF4-3279-4389-8352-E3AAAFD24CED}.Release|Any CPU.Build.0 = Release|Any CPU
	EndGlobalSection
EndGlobal
